
Microsoft Visual Studio Solution File, Format Version 12.00
# Visual Studio 15
Project("{FAE04EC0-301F-11D3-BF4B-00C04F79EFBC}") = "Assembly-CSharp", "Assembly-CSharp.csproj", "{19112D8A-50D5-9F2B-502F-31B99CEFD60E}"
EndProject
Project("{FAE04EC0-301F-11D3-BF4B-00C04F79EFBC}") = "DOTween.Modules", "DOTween.Modules.csproj", "{8988E24A-152A-5480-CBEE-C20ADBACE51A}"
EndProject
Global
	GlobalSection(SolutionConfigurationPlatforms) = preSolution
		Debug|Any CPU = Debug|Any CPU
		Release|Any CPU = Release|Any CPU
	EndGlobalSection
	GlobalSection(ProjectConfigurationPlatforms) = postSolution
		{19112D8A-50D5-9F2B-502F-31B99CEFD60E}.Debug|Any CPU.ActiveCfg = Debug|Any CPU
		{19112D8A-50D5-9F2B-502F-31B99CEFD60E}.Debug|Any CPU.Build.0 = Debug|Any CPU
		{19112D8A-50D5-9F2B-502F-31B99CEFD60E}.Release|Any CPU.ActiveCfg = Release|Any CPU
		{19112D8A-50D5-9F2B-502F-31B99CEFD60E}.Release|Any CPU.Build.0 = Release|Any CPU
		{8988E24A-152A-5480-CBEE-C20ADBACE51A}.Debug|Any CPU.ActiveCfg = Debug|Any CPU
		{8988E24A-152A-5480-CBEE-C20ADBACE51A}.Debug|Any CPU.Build.0 = Debug|Any CPU
		{8988E24A-152A-5480-CBEE-C20ADBACE51A}.Release|Any CPU.ActiveCfg = Release|Any CPU
		{8988E24A-152A-5480-CBEE-C20ADBACE51A}.Release|Any CPU.Build.0 = Release|Any CPU
	EndGlobalSection
	GlobalSection(SolutionProperties) = preSolution
		HideSolutionNode = FALSE
	EndGlobalSection
EndGlobal
